{
  "name": "prism",
  "lockfileVersion": 3,
  "requires": true,
  "packages": {
    "": {
      "dependencies": {
        "xml-formatter": "^3.6.7"
      }
    },
    "node_modules/xml-formatter": {
      "version": "3.6.7",
      "resolved": "https://registry.npmjs.org/xml-formatter/-/xml-formatter-3.6.7.tgz",
      "integrity": "sha512-IsfFYJQuoDqtUlKhm4EzeoBOb+fQwzQVeyxxAQ0sThn/nFnQmyLPTplqq4yRhaOENH/tAyujD2TBfIYzUKB6hg==",
      "license": "MIT",
      "dependencies": {
        "xml-parser-xo": "^4.1.5"
      },
      "engines": {
        "node": ">= 16"
      }
    },
    "node_modules/xml-parser-xo": {
      "version": "4.1.5",
      "resolved": "https://registry.npmjs.org/xml-parser-xo/-/xml-parser-xo-4.1.5.tgz",
      "integrity": "sha512-TxyRxk9sTOUg3glxSIY6f0nfuqRll2OEF8TspLgh5mZkLuBgheCn3zClcDSGJ58TvNmiwyCCuat4UajPud/5Og==",
      "license": "MIT",
      "engines": {
        "node": ">= 16"
      }
    }
  }
}
